
Microsoft Visual Studio Solution File, Format Version 12.00
# Visual Studio Version 17
VisualStudioVersion = 17.0.31903.59
MinimumVisualStudioVersion = 10.0.40219.1
Project("{FAE04EC0-301F-11D3-BF4B-00C04F79EFBC}") = "ewsense", "ewsense.csproj", "{7847D595-DD23-46F6-99B1-1D4C342C2082}"
EndProject
Project("{FAE04EC0-301F-11D3-BF4B-00C04F79EFBC}") = "ewsense.Tests", "tests\ewsense.Tests.csproj", "{9558733E-5709-4194-A682-68EF04E798A9}"
EndProject
Global
	GlobalSection(SolutionConfigurationPlatforms) = preSolution
		Debug|Any CPU = Debug|Any CPU
		Release|Any CPU = Release|Any CPU
	EndGlobalSection
	GlobalSection(SolutionProperties) = preSolution
		HideSolutionNode = FALSE
	EndGlobalSection
	GlobalSection(ProjectConfigurationPlatforms) = postSolution
		{7847D595-DD23-46F6-99B1-1D4C342C2082}.Debug|Any CPU.ActiveCfg = Debug|Any CPU
		{7847D595-DD23-46F6-99B1-1D4C342C2082}.Debug|Any CPU.Build.0 = Debug|Any CPU
		{7847D595-DD23-46F6-99B1-1D4C342C2082}.Release|Any CPU.ActiveCfg = Release|Any CPU
		{7847D595-DD23-46F6-99B1-1D4C342C2082}.Release|Any CPU.Build.0 = Release|Any CPU
		{9558733E-5709-4194-A682-68EF04E798A9}.Debug|Any CPU.ActiveCfg = Debug|Any CPU
		{9558733E-5709-4194-A682-68EF04E798A9}.Debug|Any CPU.Build.0 = Debug|Any CPU
		{9558733E-5709-4194-A682-68EF04E798A9}.Release|Any CPU.ActiveCfg = Release|Any CPU
		{9558733E-5709-4194-A682-68EF04E798A9}.Release|Any CPU.Build.0 = Release|Any CPU
	EndGlobalSection
EndGlobal
